// !$*UTF8*$!
{
	archiveVersion = 1;
	classes = {
	};
	objectVersion = 77;
	objects = {

/* Begin PBXContainerItemProxy section */
		84C04AC92F7969BD00940DB0 /* PBXContainerItemProxy */ = {
			isa = PBXContainerItemProxy;
			containerPortal = 84C04AAA2F7969BC00940DB0 /* Project object */;
			proxyType = 1;
			remoteGlobalIDString = 84C04AB12F7969BC00940DB0;
			remoteInfo = PruebaTecnicaAlten;
		};
		84C04AD32F7969BD00940DB0 /* PBXContainerItemProxy */ = {
			isa = PBXContainerItemProxy;
			containerPortal = 84C04AAA2F7969BC00940DB0 /* Project object */;
			proxyType = 1;
			remoteGlobalIDString = 84C04AB12F7969BC00940DB0;
			remoteInfo = PruebaTecnicaAlten;
		};
/* End PBXContainerItemProxy section */

/* Begin PBXFileReference section */
		84C04AB22F7969BC00940DB0 /* PruebaTecnicaAlten.app */ = {isa = PBXFileReference; explicitFileType = wrapper.application; includeInIndex = 0; path = PruebaTecnicaAlten.app; sourceTree = BUILT_PRODUCTS_DIR; };
		84C04AC82F7969BD00940DB0 /* PruebaTecnicaAltenTests.xctest */ = {isa = PBXFileReference; explicitFileType = wrapper.cfbundle; includeInIndex = 0; path = PruebaTecnicaAltenTests.xctest; sourceTree = BUILT_PRODUCTS_DIR; };
		84C04AD22F7969BD00940DB0 /* PruebaTecnicaAltenUITests.xctest */ = {isa = PBXFileReference; explicitFileType = wrapper.cfbundle; includeInIndex = 0; path = PruebaTecnicaAltenUITests.xctest; sourceTree = BUILT_PRODUCTS_DIR; };
/* End PBXFileReference section */

/* Begin PBXFileSystemSynchronizedBuildFileExceptionSet section */
		84C04ADA2F7969BD00940DB0 /* Exceptions for "PruebaTecnicaAlten" folder in "PruebaTecnicaAlten" target */ = {
			isa = PBXFileSystemSynchronizedBuildFileExceptionSet;
			membershipExceptions = (
				Info.plist,
			);
			target = 84C04AB12F7969BC00940DB0 /* PruebaTecnicaAlten */;
		};
/* End PBXFileSystemSynchronizedBuildFileExceptionSet section */

/* Begin PBXFileSystemSynchronizedRootGroup section */
		84C04AB42F7969BC00940DB0 /* PruebaTecnicaAlten */ = {
			isa = PBXFileSystemSynchronizedRootGroup;
			exceptions = (
				84C04ADA2F7969BD00940DB0 /* Exceptions for "PruebaTecnicaAlten" folder in "PruebaTecnicaAlten" target */,
			);
			path = PruebaTecnicaAlten;
			sourceTree = "<group>";
		};
		84C04ACB2F7969BD00940DB0 /* PruebaTecnicaAltenTests */ = {
			isa = PBXFileSystemSynchronizedRootGroup;
			path = PruebaTecnicaAltenTests;
			sourceTree = "<group>";
		};
		84C04AD52F7969BD00940DB0 /* PruebaTecnicaAltenUITests */ = {
			isa = PBXFileSystemSynchronizedRootGroup;
			path = PruebaTecnicaAltenUITests;
			sourceTree = "<group>";
		};
/* End PBXFileSystemSynchronizedRootGroup section */

/* Begin PBXFrameworksBuildPhase section */
		84C04AAF2F7969BC00940DB0 /* Frameworks */ = {
			isa = PBXFrameworksBuildPhase;
			buildActionMask = 2147483647;
			files = (
			);
			runOnlyForDeploymentPostprocessing = 0;
		};
		84C04AC52F7969BD00940DB0 /* Frameworks */ = {
			isa = PBXFrameworksBuildPhase;
			buildActionMask = 2147483647;
			files = (
			);
			runOnlyForDeploymentPostprocessing = 0;
		};
		84C04ACF2F7969BD00940DB0 /* Frameworks */ = {
			isa = PBXFrameworksBuildPhase;
			buildActionMask = 2147483647;
			files = (
			);
			runOnlyForDeploymentPostprocessing = 0;
		};
/* End PBXFrameworksBuildPhase section */

/* Begin PBXGroup section */
		84C04AA92F7969BC00940DB0 = {
			isa = PBXGroup;
			children = (
				84C04AB42F7969BC00940DB0 /* PruebaTecnicaAlten */,
				84C04ACB2F7969BD00940DB0 /* PruebaTecnicaAltenTests */,
				84C04AD52F7969BD00940DB0 /* PruebaTecnicaAltenUITests */,
				84C04AB32F7969BC00940DB0 /* Products */,
			);
			sourceTree = "<group>";
		};
		84C04AB32F7969BC00940DB0 /* Products */ = {
			isa = PBXGroup;
			children = (
				84C04AB22F7969BC00940DB0 /* PruebaTecnicaAlten.app */,
				84C04AC82F7969BD00940DB0 /* PruebaTecnicaAltenTests.xctest */,
				84C04AD22F7969BD00940DB0 /* PruebaTecnicaAltenUITests.xctest */,
			);
			name = Products;
			sourceTree = "<group>";
		};
/* End PBXGroup section */

/* Begin PBXNativeTarget section */
		84C04AB12F7969BC00940DB0 /* PruebaTecnicaAlten */ = {
			isa = PBXNativeTarget;
			buildConfigurationList = 84C04ADB2F7969BD00940DB0 /* Build configuration list for PBXNativeTarget "PruebaTecnicaAlten" */;
			buildPhases = (
				84C04AAE2F7969BC00940DB0 /* Sources */,
				84C04AAF2F7969BC00940DB0 /* Frameworks */,
				84C04AB02F7969BC00940DB0 /* Resources */,
			);
			buildRules = (
			);
			dependencies = (
			);
			fileSystemSynchronizedGroups = (
				84C04AB42F7969BC00940DB0 /* PruebaTecnicaAlten */,
			);
			name = PruebaTecnicaAlten;
			packageProductDependencies = (
			);
			productName = PruebaTecnicaAlten;
			productReference = 84C04AB22F7969BC00940DB0 /* PruebaTecnicaAlten.app */;
			productType = "com.apple.product-type.application";
		};
		84C04AC72F7969BD00940DB0 /* PruebaTecnicaAltenTests */ = {
			isa = PBXNativeTarget;
			buildConfigurationList = 84C04AE02F7969BD00940DB0 /* Build configuration list for PBXNativeTarget "PruebaTecnicaAltenTests" */;
			buildPhases = (
				84C04AC42F7969BD00940DB0 /* Sources */,
				84C04AC52F7969BD00940DB0 /* Frameworks */,
				84C04AC62F7969BD00940DB0 /* Resources */,
			);
			buildRules = (
			);
			dependencies = (
				84C04ACA2F7969BD00940DB0 /* PBXTargetDependency */,
			);
			fileSystemSynchronizedGroups = (
				84C04ACB2F7969BD00940DB0 /* PruebaTecnicaAltenTests */,
			);
			name = PruebaTecnicaAltenTests;
			packageProductDependencies = (
			);
			productName = PruebaTecnicaAltenTests;
			productReference = 84C04AC82F7969BD00940DB0 /* PruebaTecnicaAltenTests.xctest */;
			productType = "com.apple.product-type.bundle.unit-test";
		};
		84C04AD12F7969BD00940DB0 /* PruebaTecnicaAltenUITests */ = {
			isa = PBXNativeTarget;
			buildConfigurationList = 84C04AE32F7969BD00940DB0 /* Build configuration list for PBXNativeTarget "PruebaTecnicaAltenUITests" */;
			buildPhases = (
				84C04ACE2F7969BD00940DB0 /* Sources */,
				84C04ACF2F7969BD00940DB0 /* Frameworks */,
				84C04AD02F7969BD00940DB0 /* Resources */,
			);
			buildRules = (
			);
			dependencies = (
				84C04AD42F7969BD00940DB0 /* PBXTargetDependency */,
			);
			fileSystemSynchronizedGroups = (
				84C04AD52F7969BD00940DB0 /* PruebaTecnicaAltenUITests */,
			);
			name = PruebaTecnicaAltenUITests;
			packageProductDependencies = (
			);
			productName = PruebaTecnicaAltenUITests;
			productReference = 84C04AD22F7969BD00940DB0 /* PruebaTecnicaAltenUITests.xctest */;
			productType = "com.apple.product-type.bundle.ui-testing";
		};
/* End PBXNativeTarget section */

/* Begin PBXProject section */
		84C04AAA2F7969BC00940DB0 /* Project object */ = {
			isa = PBXProject;
			attributes = {
				BuildIndependentTargetsInParallel = 1;
				LastSwiftUpdateCheck = 2620;
				LastUpgradeCheck = 2620;
				TargetAttributes = {
					84C04AB12F7969BC00940DB0 = {
						CreatedOnToolsVersion = 26.2;
					};
					84C04AC72F7969BD00940DB0 = {
						CreatedOnToolsVersion = 26.2;
						TestTargetID = 84C04AB12F7969BC00940DB0;
					};
					84C04AD12F7969BD00940DB0 = {
						CreatedOnToolsVersion = 26.2;
						TestTargetID = 84C04AB12F7969BC00940DB0;
					};
				};
			};
			buildConfigurationList = 84C04AAD2F7969BC00940DB0 /* Build configuration list for PBXProject "PruebaTecnicaAlten" */;
			developmentRegion = en;
			hasScannedForEncodings = 0;
			knownRegions = (
				en,
				Base,
			);
			mainGroup = 84C04AA92F7969BC00940DB0;
			minimizedProjectReferenceProxies = 1;
			preferredProjectObjectVersion = 77;
			productRefGroup = 84C04AB32F7969BC00940DB0 /* Products */;
			projectDirPath = "";
			projectRoot = "";
			targets = (
				84C04AB12F7969BC00940DB0 /* PruebaTecnicaAlten */,
				84C04AC72F7969BD00940DB0 /* PruebaTecnicaAltenTests */,
				84C04AD12F7969BD00940DB0 /* PruebaTecnicaAltenUITests */,
			);
		};
/* End PBXProject section */

/* Begin PBXResourcesBuildPhase section */
		84C04AB02F7969BC00940DB0 /* Resources */ = {
			isa = PBXResourcesBuildPhase;
			buildActionMask = 2147483647;
			files = (
			);
			runOnlyForDeploymentPostprocessing = 0;
		};
		84C04AC62F7969BD00940DB0 /* Resources */ = {
			isa = PBXResourcesBuildPhase;
			buildActionMask = 2147483647;
			files = (
			);
			runOnlyForDeploymentPostprocessing = 0;
		};
		84C04AD02F7969BD00940DB0 /* Resources */ = {
			isa = PBXResourcesBuildPhase;
			buildActionMask = 2147483647;
			files = (
			);
			runOnlyForDeploymentPostprocessing = 0;
		};
/* End PBXResourcesBuildPhase section */

/* Begin PBXSourcesBuildPhase section */
		84C04AAE2F7969BC00940DB0 /* Sources */ = {
			isa = PBXSourcesBuildPhase;
			buildActionMask = 2147483647;
			files = (
			);
			runOnlyForDeploymentPostprocessing = 0;
		};
		84C04AC42F7969BD00940DB0 /* Sources */ = {
			isa = PBXSourcesBuildPhase;
			buildActionMask = 2147483647;
			files = (
			);
			runOnlyForDeploymentPostprocessing = 0;
		};
		84C04ACE2F7969BD00940DB0 /* Sources */ = {
			isa = PBXSourcesBuildPhase;
			buildActionMask = 2147483647;
			files = (
			);
			runOnlyForDeploymentPostprocessing = 0;
		};
/* End PBXSourcesBuildPhase section */

/* Begin PBXTargetDependency section */
		84C04ACA2F7969BD00940DB0 /* PBXTargetDependency */ = {
			isa = PBXTargetDependency;
			target = 84C04AB12F7969BC00940DB0 /* PruebaTecnicaAlten */;
			targetProxy = 84C04AC92F7969BD00940DB0 /* PBXContainerItemProxy */;
		};
		84C04AD42F7969BD00940DB0 /* PBXTargetDependency */ = {
			isa = PBXTargetDependency;
			target = 84C04AB12F7969BC00940DB0 /* PruebaTecnicaAlten */;
			targetProxy = 84C04AD32F7969BD00940DB0 /* PBXContainerItemProxy */;
		};
/* End PBXTargetDependency section */

/* Begin XCBuildConfiguration section */
		84C04ADC2F7969BD00940DB0 /* Debug */ = {
			isa = XCBuildConfiguration;
			buildSettings = {
				ASSETCATALOG_COMPILER_APPICON_NAME = AppIcon;
				ASSETCATALOG_COMPILER_GLOBAL_ACCENT_COLOR_NAME = AccentColor;
				CODE_SIGN_STYLE = Automatic;
				CURRENT_PROJECT_VERSION = 1;
				DEVELOPMENT_TEAM = F42835SHJ4;
				GENERATE_INFOPLIST_FILE = YES;
				INFOPLIST_FILE = PruebaTecnicaAlten/Info.plist;
				INFOPLIST_KEY_UIApplicationSupportsIndirectInputEvents = YES;
				INFOPLIST_KEY_UILaunchStoryboardName = LaunchScreen;
				INFOPLIST_KEY_UISupportedInterfaceOrientations_iPad = "UIInterfaceOrientationPortrait UIInterfaceOrientationPortraitUpsideDown UIInterfaceOrientationLandscapeLeft UIInterfaceOrientationLandscapeRight";
				INFOPLIST_KEY_UISupportedInterfaceOrientations_iPhone = "UIInterfaceOrientationPortrait UIInterfaceOrientationLandscapeLeft UIInterfaceOrientationLandscapeRight";
				LD_RUNPATH_SEARCH_PATHS = (
					"$(inherited)",
					"@executable_path/Frameworks",
				);
				MARKETING_VERSION = 1.0;
				PRODUCT_BUNDLE_IDENTIFIER = com.carlospages.PruebaTecnicaAlten;
				PRODUCT_NAME = "$(TARGET_NAME)";
				STRING_CATALOG_GENERATE_SYMBOLS = YES;
				SWIFT_APPROACHABLE_CONCURRENCY = YES;
				SWIFT_DEFAULT_ACTOR_ISOLATION = MainActor;
				SWIFT_EMIT_LOC_STRINGS = YES;
				SWIFT_UPCOMING_FEATURE_MEMBER_IMPORT_VISIBILITY = YES;
				SWIFT_VERSION = 5.0;
				TARGETED_DEVICE_FAMILY = "1,2";
			};
			name = Debug;
		};
		84C04ADD2F7969BD00940DB0 /* Release */ = {
			isa = XCBuildConfiguration;
			buildSettings = {
				ASSETCATALOG_COMPILER_APPICON_NAME = AppIcon;
				ASSETCATALOG_COMPILER_GLOBAL_ACCENT_COLOR_NAME = AccentColor;
				CODE_SIGN_STYLE = Automatic;
				CURRENT_PROJECT_VERSION = 1;
				DEVELOPMENT_TEAM = F42835SHJ4;
				GENERATE_INFOPLIST_FILE = YES;
				INFOPLIST_FILE = PruebaTecnicaAlten/Info.plist;
				INFOPLIST_KEY_UIApplicationSupportsIndirectInputEvents = YES;
				INFOPLIST_KEY_UILaunchStoryboardName = LaunchScreen;
				INFOPLIST_KEY_UISupportedInterfaceOrientations_iPad = "UIInterfaceOrientationPortrait UIInterfaceOrientationPortraitUpsideDown UIInterfaceOrientationLandscapeLeft UIInterfaceOrientationLandscapeRight";
				INFOPLIST_KEY_UISupportedInterfaceOrientations_iPhone = "UIInterfaceOrientationPortrait UIInterfaceOrientationLandscapeLeft UIInterfaceOrientationLandscapeRight";
				LD_RUNPATH_SEARCH_PATHS = (
					"$(inherited)",
					"@executable_path/Frameworks",
				);
				MARKETING_VERSION = 1.0;
				PRODUCT_BUNDLE_IDENTIFIER = com.carlospages.PruebaTecnicaAlten;
				PRODUCT_NAME = "$(TARGET_NAME)";
				STRING_CATALOG_GENERATE_SYMBOLS = YES;
				SWIFT_APPROACHABLE_CONCURRENCY = YES;
				SWIFT_DEFAULT_ACTOR_ISOLATION = MainActor;
				SWIFT_EMIT_LOC_STRINGS = YES;
				SWIFT_UPCOMING_FEATURE_MEMBER_IMPORT_VISIBILITY = YES;
				SWIFT_VERSION = 5.0;
				TARGETED_DEVICE_FAMILY = "1,2";
			};
			name = Release;
		};
		84C04ADE2F7969BD00940DB0 /* Debug */ = {
			isa = XCBuildConfiguration;
			buildSettings = {
				ALWAYS_SEARCH_USER_PATHS = NO;
				ASSETCATALOG_COMPILER_GENERATE_SWIFT_ASSET_SYMBOL_EXTENSIONS = YES;
				CLANG_ANALYZER_NONNULL = YES;
				CLANG_ANALYZER_NUMBER_OBJECT_CONVERSION = YES_AGGRESSIVE;
				CLANG_CXX_LANGUAGE_STANDARD = "gnu++20";
				CLANG_ENABLE_MODULES = YES;
				CLANG_ENABLE_OBJC_ARC = YES;
				CLANG_ENABLE_OBJC_WEAK = YES;
				CLANG_WARN_BLOCK_CAPTURE_AUTORELEASING = YES;
				CLANG_WARN_BOOL_CONVERSION = YES;
				CLANG_WARN_COMMA = YES;
				CLANG_WARN_CONSTANT_CONVERSION = YES;
				CLANG_WARN_DEPRECATED_OBJC_IMPLEMENTATIONS = YES;
				CLANG_WARN_DIRECT_OBJC_ISA_USAGE = YES_ERROR;
				CLANG_WARN_DOCUMENTATION_COMMENTS = YES;
				CLANG_WARN_EMPTY_BODY = YES;
				CLANG_WARN_ENUM_CONVERSION = YES;
				CLANG_WARN_INFINITE_RECURSION = YES;
				CLANG_WARN_INT_CONVERSION = YES;
				CLANG_WARN_NON_LITERAL_NULL_CONVERSION = YES;
				CLANG_WARN_OBJC_IMPLICIT_RETAIN_SELF = YES;
				CLANG_WARN_OBJC_LITERAL_CONVERSION = YES;
				CLANG_WARN_OBJC_ROOT_CLASS = YES_ERROR;
				CLANG_WARN_QUOTED_INCLUDE_IN_FRAMEWORK_HEADER = YES;
				CLANG_WARN_RANGE_LOOP_ANALYSIS = YES;
				CLANG_WARN_STRICT_PROTOTYPES = YES;
				CLANG_WARN_SUSPICIOUS_MOVE = YES;
				CLANG_WARN_UNGUARDED_AVAILABILITY = YES_AGGRESSIVE;
				CLANG_WARN_UNREACHABLE_CODE = YES;
				CLANG_WARN__DUPLICATE_METHOD_MATCH = YES;
				COPY_PHASE_STRIP = NO;
				DEBUG_INFORMATION_FORMAT = dwarf;
				DEVELOPMENT_TEAM = F42835SHJ4;
				ENABLE_STRICT_OBJC_MSGSEND = YES;
				ENABLE_TESTABILITY = YES;
				ENABLE_USER_SCRIPT_SANDBOXING = YES;
				GCC_C_LANGUAGE_STANDARD = gnu17;
				GCC_DYNAMIC_NO_PIC = NO;
				GCC_NO_COMMON_BLOCKS = YES;
				GCC_OPTIMIZATION_LEVEL = 0;
				GCC_PREPROCESSOR_DEFINITIONS = (
					"DEBUG=1",
					"$(inherited)",
				);
				GCC_WARN_64_TO_32_BIT_CONVERSION = YES;
				GCC_WARN_ABOUT_RETURN_TYPE = YES_ERROR;
				GCC_WARN_UNDECLARED_SELECTOR = YES;
				GCC_WARN_UNINITIALIZED_AUTOS = YES_AGGRESSIVE;
				GCC_WARN_UNUSED_FUNCTION = YES;
				GCC_WARN_UNUSED_VARIABLE = YES;
				IPHONEOS_DEPLOYMENT_TARGET = 26.2;
				LOCALIZATION_PREFERS_STRING_CATALOGS = YES;
				MTL_ENABLE_DEBUG_INFO = INCLUDE_SOURCE;
				MTL_FAST_MATH = YES;
				ONLY_ACTIVE_ARCH = YES;
				SDKROOT = iphoneos;
				SWIFT_ACTIVE_COMPILATION_CONDITIONS = "DEBUG $(inherited)";
				SWIFT_OPTIMIZATION_LEVEL = "-Onone";
			};
			name = Debug;
		};
		84C04ADF2F7969BD00940DB0 /* Release */ = {
			isa = XCBuildConfiguration;
			buildSettings = {
				ALWAYS_SEARCH_USER_PATHS = NO;
				ASSETCATALOG_COMPILER_GENERATE_SWIFT_ASSET_SYMBOL_EXTENSIONS = YES;
				CLANG_ANALYZER_NONNULL = YES;
				CLANG_ANALYZER_NUMBER_OBJECT_CONVERSION = YES_AGGRESSIVE;
				CLANG_CXX_LANGUAGE_STANDARD = "gnu++20";
				CLANG_ENABLE_MODULES = YES;
				CLANG_ENABLE_OBJC_ARC = YES;
				CLANG_ENABLE_OBJC_WEAK = YES;
				CLANG_WARN_BLOCK_CAPTURE_AUTORELEASING = YES;
				CLANG_WARN_BOOL_CONVERSION = YES;
				CLANG_WARN_COMMA = YES;
				CLANG_WARN_CONSTANT_CONVERSION = YES;
				CLANG_WARN_DEPRECATED_OBJC_IMPLEMENTATIONS = YES;
				CLANG_WARN_DIRECT_OBJC_ISA_USAGE = YES_ERROR;
				CLANG_WARN_DOCUMENTATION_COMMENTS = YES;
				CLANG_WARN_EMPTY_BODY = YES;
				CLANG_WARN_ENUM_CONVERSION = YES;
				CLANG_WARN_INFINITE_RECURSION = YES;
				CLANG_WARN_INT_CONVERSION = YES;
				CLANG_WARN_NON_LITERAL_NULL_CONVERSION = YES;
				CLANG_WARN_OBJC_IMPLICIT_RETAIN_SELF = YES;
				CLANG_WARN_OBJC_LITERAL_CONVERSION = YES;
				CLANG_WARN_OBJC_ROOT_CLASS = YES_ERROR;
				CLANG_WARN_QUOTED_INCLUDE_IN_FRAMEWORK_HEADER = YES;
				CLANG_WARN_RANGE_LOOP_ANALYSIS = YES;
				CLANG_WARN_STRICT_PROTOTYPES = YES;
				CLANG_WARN_SUSPICIOUS_MOVE = YES;
				CLANG_WARN_UNGUARDED_AVAILABILITY = YES_AGGRESSIVE;
				CLANG_WARN_UNREACHABLE_CODE = YES;
				CLANG_WARN__DUPLICATE_METHOD_MATCH = YES;
				COPY_PHASE_STRIP = NO;
				DEBUG_INFORMATION_FORMAT = "dwarf-with-dsym";
				DEVELOPMENT_TEAM = F42835SHJ4;
				ENABLE_NS_ASSERTIONS = NO;
				ENABLE_STRICT_OBJC_MSGSEND = YES;
				ENABLE_USER_SCRIPT_SANDBOXING = YES;
				GCC_C_LANGUAGE_STANDARD = gnu17;
				GCC_NO_COMMON_BLOCKS = YES;
				GCC_WARN_64_TO_32_BIT_CONVERSION = YES;
				GCC_WARN_ABOUT_RETURN_TYPE = YES_ERROR;
				GCC_WARN_UNDECLARED_SELECTOR = YES;
				GCC_WARN_UNINITIALIZED_AUTOS = YES_AGGRESSIVE;
				GCC_WARN_UNUSED_FUNCTION = YES;
				GCC_WARN_UNUSED_VARIABLE = YES;
				IPHONEOS_DEPLOYMENT_TARGET = 26.2;
				LOCALIZATION_PREFERS_STRING_CATALOGS = YES;
				MTL_ENABLE_DEBUG_INFO = NO;
				MTL_FAST_MATH = YES;
				SDKROOT = iphoneos;
				SWIFT_COMPILATION_MODE = wholemodule;
				VALIDATE_PRODUCT = YES;
			};
			name = Release;
		};
		84C04AE12F7969BD00940DB0 /* Debug */ = {
			isa = XCBuildConfiguration;
			buildSettings = {
				BUNDLE_LOADER = "$(TEST_HOST)";
				CODE_SIGN_STYLE = Automatic;
				CURRENT_PROJECT_VERSION = 1;
				DEVELOPMENT_TEAM = F42835SHJ4;
				GENERATE_INFOPLIST_FILE = YES;
				IPHONEOS_DEPLOYMENT_TARGET = 26.2;
				MARKETING_VERSION = 1.0;
				PRODUCT_BUNDLE_IDENTIFIER = com.carlospages.PruebaTecnicaAltenTests;
				PRODUCT_NAME = "$(TARGET_NAME)";
				STRING_CATALOG_GENERATE_SYMBOLS = NO;
				SWIFT_APPROACHABLE_CONCURRENCY = YES;
				SWIFT_EMIT_LOC_STRINGS = NO;
				SWIFT_UPCOMING_FEATURE_MEMBER_IMPORT_VISIBILITY = YES;
				SWIFT_VERSION = 5.0;
				TARGETED_DEVICE_FAMILY = "1,2";
				TEST_HOST = "$(BUILT_PRODUCTS_DIR)/PruebaTecnicaAlten.app/$(BUNDLE_EXECUTABLE_FOLDER_PATH)/PruebaTecnicaAlten";
			};
			name = Debug;
		};
		84C04AE22F7969BD00940DB0 /* Release */ = {
			isa = XCBuildConfiguration;
			buildSettings = {
				BUNDLE_LOADER = "$(TEST_HOST)";
				CODE_SIGN_STYLE = Automatic;
				CURRENT_PROJECT_VERSION = 1;
				DEVELOPMENT_TEAM = F42835SHJ4;
				GENERATE_INFOPLIST_FILE = YES;
				IPHONEOS_DEPLOYMENT_TARGET = 26.2;
				MARKETING_VERSION = 1.0;
				PRODUCT_BUNDLE_IDENTIFIER = com.carlospages.PruebaTecnicaAltenTests;
				PRODUCT_NAME = "$(TARGET_NAME)";
				STRING_CATALOG_GENERATE_SYMBOLS = NO;
				SWIFT_APPROACHABLE_CONCURRENCY = YES;
				SWIFT_EMIT_LOC_STRINGS = NO;
				SWIFT_UPCOMING_FEATURE_MEMBER_IMPORT_VISIBILITY = YES;
				SWIFT_VERSION = 5.0;
				TARGETED_DEVICE_FAMILY = "1,2";
				TEST_HOST = "$(BUILT_PRODUCTS_DIR)/PruebaTecnicaAlten.app/$(BUNDLE_EXECUTABLE_FOLDER_PATH)/PruebaTecnicaAlten";
			};
			name = Release;
		};
		84C04AE42F7969BD00940DB0 /* Debug */ = {
			isa = XCBuildConfiguration;
			buildSettings = {
				CODE_SIGN_STYLE = Automatic;
				CURRENT_PROJECT_VERSION = 1;
				DEVELOPMENT_TEAM = F42835SHJ4;
				GENERATE_INFOPLIST_FILE = YES;
				MARKETING_VERSION = 1.0;
				PRODUCT_BUNDLE_IDENTIFIER = com.carlospages.PruebaTecnicaAltenUITests;
				PRODUCT_NAME = "$(TARGET_NAME)";
				STRING_CATALOG_GENERATE_SYMBOLS = NO;
				SWIFT_APPROACHABLE_CONCURRENCY = YES;
				SWIFT_EMIT_LOC_STRINGS = NO;
				SWIFT_UPCOMING_FEATURE_MEMBER_IMPORT_VISIBILITY = YES;
				SWIFT_VERSION = 5.0;
				TARGETED_DEVICE_FAMILY = "1,2";
				TEST_TARGET_NAME = PruebaTecnicaAlten;
			};
			name = Debug;
		};
		84C04AE52F7969BD00940DB0 /* Release */ = {
			isa = XCBuildConfiguration;
			buildSettings = {
				CODE_SIGN_STYLE = Automatic;
				CURRENT_PROJECT_VERSION = 1;
				DEVELOPMENT_TEAM = F42835SHJ4;
				GENERATE_INFOPLIST_FILE = YES;
				MARKETING_VERSION = 1.0;
				PRODUCT_BUNDLE_IDENTIFIER = com.carlospages.PruebaTecnicaAltenUITests;
				PRODUCT_NAME = "$(TARGET_NAME)";
				STRING_CATALOG_GENERATE_SYMBOLS = NO;
				SWIFT_APPROACHABLE_CONCURRENCY = YES;
				SWIFT_EMIT_LOC_STRINGS = NO;
				SWIFT_UPCOMING_FEATURE_MEMBER_IMPORT_VISIBILITY = YES;
				SWIFT_VERSION = 5.0;
				TARGETED_DEVICE_FAMILY = "1,2";
				TEST_TARGET_NAME = PruebaTecnicaAlten;
			};
			name = Release;
		};
/* End XCBuildConfiguration section */

/* Begin XCConfigurationList section */
		84C04AAD2F7969BC00940DB0 /* Build configuration list for PBXProject "PruebaTecnicaAlten" */ = {
			isa = XCConfigurationList;
			buildConfigurations = (
				84C04ADE2F7969BD00940DB0 /* Debug */,
				84C04ADF2F7969BD00940DB0 /* Release */,
			);
			defaultConfigurationIsVisible = 0;
			defaultConfigurationName = Release;
		};
		84C04ADB2F7969BD00940DB0 /* Build configuration list for PBXNativeTarget "PruebaTecnicaAlten" */ = {
			isa = XCConfigurationList;
			buildConfigurations = (
				84C04ADC2F7969BD00940DB0 /* Debug */,
				84C04ADD2F7969BD00940DB0 /* Release */,
			);
			defaultConfigurationIsVisible = 0;
			defaultConfigurationName = Release;
		};
		84C04AE02F7969BD00940DB0 /* Build configuration list for PBXNativeTarget "PruebaTecnicaAltenTests" */ = {
			isa = XCConfigurationList;
			buildConfigurations = (
				84C04AE12F7969BD00940DB0 /* Debug */,
				84C04AE22F7969BD00940DB0 /* Release */,
			);
			defaultConfigurationIsVisible = 0;
			defaultConfigurationName = Release;
		};
		84C04AE32F7969BD00940DB0 /* Build configuration list for PBXNativeTarget "PruebaTecnicaAltenUITests" */ = {
			isa = XCConfigurationList;
			buildConfigurations = (
				84C04AE42F7969BD00940DB0 /* Debug */,
				84C04AE52F7969BD00940DB0 /* Release */,
			);
			defaultConfigurationIsVisible = 0;
			defaultConfigurationName = Release;
		};
/* End XCConfigurationList section */
	};
	rootObject = 84C04AAA2F7969BC00940DB0 /* Project object */;
}
